
Microsoft Visual Studio Solution File, Format Version 12.00
# Visual Studio 15
VisualStudioVersion = 15.0.28307.168
MinimumVisualStudioVersion = 10.0.40219.1
Project("{8BC9CEB8-8B4A-11D0-8D11-00A0C91BC942}") = "Max Array Sum", "Max Array Sum\Max Array Sum.vcxproj", "{2C35B222-BD3F-482C-AB02-A7675C5D0367}"
EndProject
Project("{8BC9CEB8-8B4A-11D0-8D11-00A0C91BC942}") = "alternating-characters", "alternating-characters\alternating-characters.vcxproj", "{AE3B52BD-CEF1-4969-BF53-ADBB1ADC9CA1}"
EndProject
Project("{8BC9CEB8-8B4A-11D0-8D11-00A0C91BC942}") = "array-left-rotation", "array-left-rotation\array-left-rotation.vcxproj", "{7891274C-80B3-4704-8282-11FDE28767EF}"
EndProject
Project("{8BC9CEB8-8B4A-11D0-8D11-00A0C91BC942}") = "mark-and-toys", "mark-and-toys\mark-and-toys.vcxproj", "{D7125C1B-5687-4BFB-AE59-3BE5B847DBE4}"
EndProject
Project("{8BC9CEB8-8B4A-11D0-8D11-00A0C91BC942}") = "stockmax", "stockmax\stockmax.vcxproj", "{6B149C1B-8118-48FE-B7A6-A2AE5C91178B}"
EndProject
Project("{8BC9CEB8-8B4A-11D0-8D11-00A0C91BC942}") = "c-tutorial-for-loop", "c-tutorial-for-loop\c-tutorial-for-loop.vcxproj", "{C5AC561D-A186-47A5-9049-78A2EDDA1AE2}"
EndProject
Project("{8BC9CEB8-8B4A-11D0-8D11-00A0C91BC942}") = "simple-array-sum", "simple-array-sum\simple-array-sum.vcxproj", "{B190D790-9487-47BA-BF9B-6C96B444A55E}"
EndProject
Project("{8BC9CEB8-8B4A-11D0-8D11-00A0C91BC942}") = "compare-the-triplets", "compare-the-triplets\compare-the-triplets.vcxproj", "{B195B6B0-01B5-46EB-A965-9C5D6FF229EC}"
EndProject
Project("{8BC9CEB8-8B4A-11D0-8D11-00A0C91BC942}") = "min-max-sum", "min-max-sum\min-max-sum.vcxproj", "{9B1D53EB-E8E9-4235-B7C5-7898C9538B11}"
EndProject
Project("{8BC9CEB8-8B4A-11D0-8D11-00A0C91BC942}") = "electronics-shop", "electronics-shop\electronics-shop.vcxproj", "{6BB87B20-3AC8-4AD0-B76A-3972A355442E}"
EndProject
Project("{8BC9CEB8-8B4A-11D0-8D11-00A0C91BC942}") = "diagonal-difference", "diagonal-difference\diagonal-difference.vcxproj", "{371331BB-B3FF-48B9-AACF-9C910A055E67}"
EndProject
Project("{8BC9CEB8-8B4A-11D0-8D11-00A0C91BC942}") = "a-very-big-sum", "a-very-big-sum\a-very-big-sum.vcxproj", "{67133453-E66A-43D1-9EA9-2F8681E7025B}"
EndProject
Project("{8BC9CEB8-8B4A-11D0-8D11-00A0C91BC942}") = "grading", "grading\grading.vcxproj", "{E93813FB-FB2A-4BEB-B279-B75327128294}"
EndProject
Project("{8BC9CEB8-8B4A-11D0-8D11-00A0C91BC942}") = "plus-minus", "plus-minus\plus-minus.vcxproj", "{97BC6C69-FDB3-4B9A-981F-7DABB3A8B5F9}"
EndProject
Project("{8BC9CEB8-8B4A-11D0-8D11-00A0C91BC942}") = "birthday-cake-candles", "birthday-cake-candles\birthday-cake-candles.vcxproj", "{B9642D55-B797-43E4-932C-5C51A38CED88}"
EndProject
Project("{8BC9CEB8-8B4A-11D0-8D11-00A0C91BC942}") = "divisble-sum-pairs", "divisble-sum-pairs\divisble-sum-pairs.vcxproj", "{665C579B-3107-4190-81E6-6E092AA838D8}"
EndProject
Project("{8BC9CEB8-8B4A-11D0-8D11-00A0C91BC942}") = "migratory-birds", "migratory-birds\migratory-birds.vcxproj", "{00EACA00-D496-48AA-8F84-5552033F940C}"
EndProject
Global
	GlobalSection(SolutionConfigurationPlatforms) = preSolution
		Debug|x64 = Debug|x64
		Debug|x86 = Debug|x86
		Release|x64 = Release|x64
		Release|x86 = Release|x86
	EndGlobalSection
	GlobalSection(ProjectConfigurationPlatforms) = postSolution
		{2C35B222-BD3F-482C-AB02-A7675C5D0367}.Debug|x64.ActiveCfg = Debug|x64
		{2C35B222-BD3F-482C-AB02-A7675C5D0367}.Debug|x64.Build.0 = Debug|x64
		{2C35B222-BD3F-482C-AB02-A7675C5D0367}.Debug|x86.ActiveCfg = Debug|Win32
		{2C35B222-BD3F-482C-AB02-A7675C5D0367}.Debug|x86.Build.0 = Debug|Win32
		{2C35B222-BD3F-482C-AB02-A7675C5D0367}.Release|x64.ActiveCfg = Release|x64
		{2C35B222-BD3F-482C-AB02-A7675C5D0367}.Release|x64.Build.0 = Release|x64
		{2C35B222-BD3F-482C-AB02-A7675C5D0367}.Release|x86.ActiveCfg = Release|Win32
		{2C35B222-BD3F-482C-AB02-A7675C5D0367}.Release|x86.Build.0 = Release|Win32
		{AE3B52BD-CEF1-4969-BF53-ADBB1ADC9CA1}.Debug|x64.ActiveCfg = Debug|x64
		{AE3B52BD-CEF1-4969-BF53-ADBB1ADC9CA1}.Debug|x64.Build.0 = Debug|x64
		{AE3B52BD-CEF1-4969-BF53-ADBB1ADC9CA1}.Debug|x86.ActiveCfg = Debug|Win32
		{AE3B52BD-CEF1-4969-BF53-ADBB1ADC9CA1}.Debug|x86.Build.0 = Debug|Win32
		{AE3B52BD-CEF1-4969-BF53-ADBB1ADC9CA1}.Release|x64.ActiveCfg = Release|x64
		{AE3B52BD-CEF1-4969-BF53-ADBB1ADC9CA1}.Release|x64.Build.0 = Release|x64
		{AE3B52BD-CEF1-4969-BF53-ADBB1ADC9CA1}.Release|x86.ActiveCfg = Release|Win32
		{AE3B52BD-CEF1-4969-BF53-ADBB1ADC9CA1}.Release|x86.Build.0 = Release|Win32
		{7891274C-80B3-4704-8282-11FDE28767EF}.Debug|x64.ActiveCfg = Debug|x64
		{7891274C-80B3-4704-8282-11FDE28767EF}.Debug|x64.Build.0 = Debug|x64
		{7891274C-80B3-4704-8282-11FDE28767EF}.Debug|x86.ActiveCfg = Debug|Win32
		{7891274C-80B3-4704-8282-11FDE28767EF}.Debug|x86.Build.0 = Debug|Win32
		{7891274C-80B3-4704-8282-11FDE28767EF}.Release|x64.ActiveCfg = Release|x64
		{7891274C-80B3-4704-8282-11FDE28767EF}.Release|x64.Build.0 = Release|x64
		{7891274C-80B3-4704-8282-11FDE28767EF}.Release|x86.ActiveCfg = Release|Win32
		{7891274C-80B3-4704-8282-11FDE28767EF}.Release|x86.Build.0 = Release|Win32
		{D7125C1B-5687-4BFB-AE59-3BE5B847DBE4}.Debug|x64.ActiveCfg = Debug|x64
		{D7125C1B-5687-4BFB-AE59-3BE5B847DBE4}.Debug|x64.Build.0 = Debug|x64
		{D7125C1B-5687-4BFB-AE59-3BE5B847DBE4}.Debug|x86.ActiveCfg = Debug|Win32
		{D7125C1B-5687-4BFB-AE59-3BE5B847DBE4}.Debug|x86.Build.0 = Debug|Win32
		{D7125C1B-5687-4BFB-AE59-3BE5B847DBE4}.Release|x64.ActiveCfg = Release|x64
		{D7125C1B-5687-4BFB-AE59-3BE5B847DBE4}.Release|x64.Build.0 = Release|x64
		{D7125C1B-5687-4BFB-AE59-3BE5B847DBE4}.Release|x86.ActiveCfg = Release|Win32
		{D7125C1B-5687-4BFB-AE59-3BE5B847DBE4}.Release|x86.Build.0 = Release|Win32
		{6B149C1B-8118-48FE-B7A6-A2AE5C91178B}.Debug|x64.ActiveCfg = Debug|x64
		{6B149C1B-8118-48FE-B7A6-A2AE5C91178B}.Debug|x64.Build.0 = Debug|x64
		{6B149C1B-8118-48FE-B7A6-A2AE5C91178B}.Debug|x86.ActiveCfg = Debug|Win32
		{6B149C1B-8118-48FE-B7A6-A2AE5C91178B}.Debug|x86.Build.0 = Debug|Win32
		{6B149C1B-8118-48FE-B7A6-A2AE5C91178B}.Release|x64.ActiveCfg = Release|x64
		{6B149C1B-8118-48FE-B7A6-A2AE5C91178B}.Release|x64.Build.0 = Release|x64
		{6B149C1B-8118-48FE-B7A6-A2AE5C91178B}.Release|x86.ActiveCfg = Release|Win32
		{6B149C1B-8118-48FE-B7A6-A2AE5C91178B}.Release|x86.Build.0 = Release|Win32
		{C5AC561D-A186-47A5-9049-78A2EDDA1AE2}.Debug|x64.ActiveCfg = Debug|x64
		{C5AC561D-A186-47A5-9049-78A2EDDA1AE2}.Debug|x64.Build.0 = Debug|x64
		{C5AC561D-A186-47A5-9049-78A2EDDA1AE2}.Debug|x86.ActiveCfg = Debug|Win32
		{C5AC561D-A186-47A5-9049-78A2EDDA1AE2}.Debug|x86.Build.0 = Debug|Win32
		{C5AC561D-A186-47A5-9049-78A2EDDA1AE2}.Release|x64.ActiveCfg = Release|x64
		{C5AC561D-A186-47A5-9049-78A2EDDA1AE2}.Release|x64.Build.0 = Release|x64
		{C5AC561D-A186-47A5-9049-78A2EDDA1AE2}.Release|x86.ActiveCfg = Release|Win32
		{C5AC561D-A186-47A5-9049-78A2EDDA1AE2}.Release|x86.Build.0 = Release|Win32
		{B190D790-9487-47BA-BF9B-6C96B444A55E}.Debug|x64.ActiveCfg = Debug|x64
		{B190D790-9487-47BA-BF9B-6C96B444A55E}.Debug|x64.Build.0 = Debug|x64
		{B190D790-9487-47BA-BF9B-6C96B444A55E}.Debug|x86.ActiveCfg = Debug|Win32
		{B190D790-9487-47BA-BF9B-6C96B444A55E}.Debug|x86.Build.0 = Debug|Win32
		{B190D790-9487-47BA-BF9B-6C96B444A55E}.Release|x64.ActiveCfg = Release|x64
		{B190D790-9487-47BA-BF9B-6C96B444A55E}.Release|x64.Build.0 = Release|x64
		{B190D790-9487-47BA-BF9B-6C96B444A55E}.Release|x86.ActiveCfg = Release|Win32
		{B190D790-9487-47BA-BF9B-6C96B444A55E}.Release|x86.Build.0 = Release|Win32
		{B195B6B0-01B5-46EB-A965-9C5D6FF229EC}.Debug|x64.ActiveCfg = Debug|x64
		{B195B6B0-01B5-46EB-A965-9C5D6FF229EC}.Debug|x64.Build.0 = Debug|x64
		{B195B6B0-01B5-46EB-A965-9C5D6FF229EC}.Debug|x86.ActiveCfg = Debug|Win32
		{B195B6B0-01B5-46EB-A965-9C5D6FF229EC}.Debug|x86.Build.0 = Debug|Win32
		{B195B6B0-01B5-46EB-A965-9C5D6FF229EC}.Release|x64.ActiveCfg = Release|x64
		{B195B6B0-01B5-46EB-A965-9C5D6FF229EC}.Release|x64.Build.0 = Release|x64
		{B195B6B0-01B5-46EB-A965-9C5D6FF229EC}.Release|x86.ActiveCfg = Release|Win32
		{B195B6B0-01B5-46EB-A965-9C5D6FF229EC}.Release|x86.Build.0 = Release|Win32
		{9B1D53EB-E8E9-4235-B7C5-7898C9538B11}.Debug|x64.ActiveCfg = Debug|x64
		{9B1D53EB-E8E9-4235-B7C5-7898C9538B11}.Debug|x64.Build.0 = Debug|x64
		{9B1D53EB-E8E9-4235-B7C5-7898C9538B11}.Debug|x86.ActiveCfg = Debug|Win32
		{9B1D53EB-E8E9-4235-B7C5-7898C9538B11}.Debug|x86.Build.0 = Debug|Win32
		{9B1D53EB-E8E9-4235-B7C5-7898C9538B11}.Release|x64.ActiveCfg = Release|x64
		{9B1D53EB-E8E9-4235-B7C5-7898C9538B11}.Release|x64.Build.0 = Release|x64
		{9B1D53EB-E8E9-4235-B7C5-7898C9538B11}.Release|x86.ActiveCfg = Release|Win32
		{9B1D53EB-E8E9-4235-B7C5-7898C9538B11}.Release|x86.Build.0 = Release|Win32
		{6BB87B20-3AC8-4AD0-B76A-3972A355442E}.Debug|x64.ActiveCfg = Debug|x64
		{6BB87B20-3AC8-4AD0-B76A-3972A355442E}.Debug|x64.Build.0 = Debug|x64
		{6BB87B20-3AC8-4AD0-B76A-3972A355442E}.Debug|x86.ActiveCfg = Debug|Win32
		{6BB87B20-3AC8-4AD0-B76A-3972A355442E}.Debug|x86.Build.0 = Debug|Win32
		{6BB87B20-3AC8-4AD0-B76A-3972A355442E}.Release|x64.ActiveCfg = Release|x64
		{6BB87B20-3AC8-4AD0-B76A-3972A355442E}.Release|x64.Build.0 = Release|x64
		{6BB87B20-3AC8-4AD0-B76A-3972A355442E}.Release|x86.ActiveCfg = Release|Win32
		{6BB87B20-3AC8-4AD0-B76A-3972A355442E}.Release|x86.Build.0 = Release|Win32
		{371331BB-B3FF-48B9-AACF-9C910A055E67}.Debug|x64.ActiveCfg = Debug|x64
		{371331BB-B3FF-48B9-AACF-9C910A055E67}.Debug|x64.Build.0 = Debug|x64
		{371331BB-B3FF-48B9-AACF-9C910A055E67}.Debug|x86.ActiveCfg = Debug|Win32
		{371331BB-B3FF-48B9-AACF-9C910A055E67}.Debug|x86.Build.0 = Debug|Win32
		{371331BB-B3FF-48B9-AACF-9C910A055E67}.Release|x64.ActiveCfg = Release|x64
		{371331BB-B3FF-48B9-AACF-9C910A055E67}.Release|x64.Build.0 = Release|x64
		{371331BB-B3FF-48B9-AACF-9C910A055E67}.Release|x86.ActiveCfg = Release|Win32
		{371331BB-B3FF-48B9-AACF-9C910A055E67}.Release|x86.Build.0 = Release|Win32
		{67133453-E66A-43D1-9EA9-2F8681E7025B}.Debug|x64.ActiveCfg = Debug|x64
		{67133453-E66A-43D1-9EA9-2F8681E7025B}.Debug|x64.Build.0 = Debug|x64
		{67133453-E66A-43D1-9EA9-2F8681E7025B}.Debug|x86.ActiveCfg = Debug|Win32
		{67133453-E66A-43D1-9EA9-2F8681E7025B}.Debug|x86.Build.0 = Debug|Win32
		{67133453-E66A-43D1-9EA9-2F8681E7025B}.Release|x64.ActiveCfg = Release|x64
		{67133453-E66A-43D1-9EA9-2F8681E7025B}.Release|x64.Build.0 = Release|x64
		{67133453-E66A-43D1-9EA9-2F8681E7025B}.Release|x86.ActiveCfg = Release|Win32
		{67133453-E66A-43D1-9EA9-2F8681E7025B}.Release|x86.Build.0 = Release|Win32
		{E93813FB-FB2A-4BEB-B279-B75327128294}.Debug|x64.ActiveCfg = Debug|x64
		{E93813FB-FB2A-4BEB-B279-B75327128294}.Debug|x64.Build.0 = Debug|x64
		{E93813FB-FB2A-4BEB-B279-B75327128294}.Debug|x86.ActiveCfg = Debug|Win32
		{E93813FB-FB2A-4BEB-B279-B75327128294}.Debug|x86.Build.0 = Debug|Win32
		{E93813FB-FB2A-4BEB-B279-B75327128294}.Release|x64.ActiveCfg = Release|x64
		{E93813FB-FB2A-4BEB-B279-B75327128294}.Release|x64.Build.0 = Release|x64
		{E93813FB-FB2A-4BEB-B279-B75327128294}.Release|x86.ActiveCfg = Release|Win32
		{E93813FB-FB2A-4BEB-B279-B75327128294}.Release|x86.Build.0 = Release|Win32
		{97BC6C69-FDB3-4B9A-981F-7DABB3A8B5F9}.Debug|x64.ActiveCfg = Debug|x64
		{97BC6C69-FDB3-4B9A-981F-7DABB3A8B5F9}.Debug|x64.Build.0 = Debug|x64
		{97BC6C69-FDB3-4B9A-981F-7DABB3A8B5F9}.Debug|x86.ActiveCfg = Debug|Win32
		{97BC6C69-FDB3-4B9A-981F-7DABB3A8B5F9}.Debug|x86.Build.0 = Debug|Win32
		{97BC6C69-FDB3-4B9A-981F-7DABB3A8B5F9}.Release|x64.ActiveCfg = Release|x64
		{97BC6C69-FDB3-4B9A-981F-7DABB3A8B5F9}.Release|x64.Build.0 = Release|x64
		{97BC6C69-FDB3-4B9A-981F-7DABB3A8B5F9}.Release|x86.ActiveCfg = Release|Win32
		{97BC6C69-FDB3-4B9A-981F-7DABB3A8B5F9}.Release|x86.Build.0 = Release|Win32
		{B9642D55-B797-43E4-932C-5C51A38CED88}.Debug|x64.ActiveCfg = Debug|x64
		{B9642D55-B797-43E4-932C-5C51A38CED88}.Debug|x64.Build.0 = Debug|x64
		{B9642D55-B797-43E4-932C-5C51A38CED88}.Debug|x86.ActiveCfg = Debug|Win32
		{B9642D55-B797-43E4-932C-5C51A38CED88}.Debug|x86.Build.0 = Debug|Win32
		{B9642D55-B797-43E4-932C-5C51A38CED88}.Release|x64.ActiveCfg = Release|x64
		{B9642D55-B797-43E4-932C-5C51A38CED88}.Release|x64.Build.0 = Release|x64
		{B9642D55-B797-43E4-932C-5C51A38CED88}.Release|x86.ActiveCfg = Release|Win32
		{B9642D55-B797-43E4-932C-5C51A38CED88}.Release|x86.Build.0 = Release|Win32
		{665C579B-3107-4190-81E6-6E092AA838D8}.Debug|x64.ActiveCfg = Debug|x64
		{665C579B-3107-4190-81E6-6E092AA838D8}.Debug|x64.Build.0 = Debug|x64
		{665C579B-3107-4190-81E6-6E092AA838D8}.Debug|x86.ActiveCfg = Debug|Win32
		{665C579B-3107-4190-81E6-6E092AA838D8}.Debug|x86.Build.0 = Debug|Win32
		{665C579B-3107-4190-81E6-6E092AA838D8}.Release|x64.ActiveCfg = Release|x64
		{665C579B-3107-4190-81E6-6E092AA838D8}.Release|x64.Build.0 = Release|x64
		{665C579B-3107-4190-81E6-6E092AA838D8}.Release|x86.ActiveCfg = Release|Win32
		{665C579B-3107-4190-81E6-6E092AA838D8}.Release|x86.Build.0 = Release|Win32
		{00EACA00-D496-48AA-8F84-5552033F940C}.Debug|x64.ActiveCfg = Debug|x64
		{00EACA00-D496-48AA-8F84-5552033F940C}.Debug|x64.Build.0 = Debug|x64
		{00EACA00-D496-48AA-8F84-5552033F940C}.Debug|x86.ActiveCfg = Debug|Win32
		{00EACA00-D496-48AA-8F84-5552033F940C}.Debug|x86.Build.0 = Debug|Win32
		{00EACA00-D496-48AA-8F84-5552033F940C}.Release|x64.ActiveCfg = Release|x64
		{00EACA00-D496-48AA-8F84-5552033F940C}.Release|x64.Build.0 = Release|x64
		{00EACA00-D496-48AA-8F84-5552033F940C}.Release|x86.ActiveCfg = Release|Win32
		{00EACA00-D496-48AA-8F84-5552033F940C}.Release|x86.Build.0 = Release|Win32
	EndGlobalSection
	GlobalSection(SolutionProperties) = preSolution
		HideSolutionNode = FALSE
	EndGlobalSection
	GlobalSection(ExtensibilityGlobals) = postSolution
		SolutionGuid = {C4DD0BE6-FA96-4884-9EDF-C95186814A51}
	EndGlobalSection
EndGlobal
